{
  "name": "tba-api-v3client-ts",
  "version": "3.8.0",
  "lockfileVersion": 1,
  "requires": true,
  "dependencies": {
    "@apidevtools/json-schema-ref-parser": {
      "version": "9.0.9",
      "resolved": "https://registry.npmjs.org/@apidevtools/json-schema-ref-parser/-/json-schema-ref-parser-9.0.9.tgz",
      "integrity": "sha512-GBD2Le9w2+lVFoc4vswGI/TjkNIZSVp7+9xPf+X3uidBfWnAeUWmquteSyt0+VCrhNMWj/FTABISQrD3Z/YA+w==",
      "dev": true,
      "requires": {
        "@jsdevtools/ono": "^7.1.3",
        "@types/json-schema": "^7.0.6",
        "call-me-maybe": "^1.0.1",
        "js-yaml": "^4.1.0"
      },
      "dependencies": {
        "argparse": {
          "version": "2.0.1",
          "resolved": "https://registry.npmjs.org/argparse/-/argparse-2.0.1.tgz",
          "integrity": "sha512-8+9WqebbFzpX9OR+Wa6O29asIogeRMzcGtAINdpMHHyAg10f05aSFVBbcEqGf/PXw1EjAZ+q2/bEBg3DvurK3Q==",
          "dev": true
        },
        "js-yaml": {
          "version": "4.1.0",
          "resolved": "https://registry.npmjs.org/js-yaml/-/js-yaml-4.1.0.tgz",
          "integrity": "sha512-wpxZs9NoxZaJESJGIZTyDEaYpl0FKSA+FB9aJiyemKhMwkxQg63h4T1KJgUGHpTqPDNRcmmYLugrRjJlBtWvRA==",
          "dev": true,
          "requires": {
            "argparse": "^2.0.1"
          }
        }
      }
    },
    "@jsdevtools/ono": {
      "version": "7.1.3",
      "resolved": "https://registry.npmjs.org/@jsdevtools/ono/-/ono-7.1.3.tgz",
      "integrity": "sha512-4JQNk+3mVzK3xh2rqd6RB4J46qUR19azEHBneZyTZM+c456qOrbbM/5xcR8huNCCcbVt7+UmizG6GuUvPvKUYg==",
      "dev": true
    },
    "@types/json-schema": {
      "version": "7.0.7",
      "resolved": "https://registry.npmjs.org/@types/json-schema/-/json-schema-7.0.7.tgz",
      "integrity": "sha512-cxWFQVseBm6O9Gbw1IWb8r6OS4OhSt3hPZLkFApLjM8TEXROBuQGLAH2i2gZpcXdLBIrpXuTDhH7Vbm1iXmNGA==",
      "dev": true
    },
    "balanced-match": {
      "version": "1.0.2",
      "resolved": "https://registry.npmjs.org/balanced-match/-/balanced-match-1.0.2.tgz",
      "integrity": "sha512-3oSeUO0TMV67hN1AmbXsK4yaqU7tjiHlbxRDZOpH0KW9+CeX4bRAaX0Anxt0tx2MrpRpWwQaPwIlISEJhYU5Pw==",
      "dev": true
    },
    "brace-expansion": {
      "version": "1.1.11",
      "resolved": "https://registry.npmjs.org/brace-expansion/-/brace-expansion-1.1.11.tgz",
      "integrity": "sha512-iCuPHDFgrHX7H2vEI/5xpz07zSHB00TpugqhmYtVmMO6518mCuRMoOYFldEBl0g187ufozdaHgWKcYFb61qGiA==",
      "dev": true,
      "requires": {
        "balanced-match": "^1.0.0",
        "concat-map": "0.0.1"
      }
    },
    "call-me-maybe": {
      "version": "1.0.1",
      "resolved": "https://registry.npmjs.org/call-me-maybe/-/call-me-maybe-1.0.1.tgz",
      "integrity": "sha1-JtII6onje1y95gJQoV8DHBak1ms=",
      "dev": true
    },
    "camelcase": {
      "version": "6.2.0",
      "resolved": "https://registry.npmjs.org/camelcase/-/camelcase-6.2.0.tgz",
      "integrity": "sha512-c7wVvbw3f37nuobQNtgsgG9POC9qMbNuMQmTCqZv23b6MIz0fcYpBiOlv9gEN/hdLdnZTDQhg6e9Dq5M1vKvfg==",
      "dev": true
    },
    "concat-map": {
      "version": "0.0.1",
      "resolved": "https://registry.npmjs.org/concat-map/-/concat-map-0.0.1.tgz",
      "integrity": "sha1-2Klr13/Wjfd5OnMDajug1UBdR3s=",
      "dev": true
    },
    "fs.realpath": {
      "version": "1.0.0",
      "resolved": "https://registry.npmjs.org/fs.realpath/-/fs.realpath-1.0.0.tgz",
      "integrity": "sha1-FQStJSMVjKpA20onh8sBQRmU6k8=",
      "dev": true
    },
    "glob": {
      "version": "7.1.7",
      "resolved": "https://registry.npmjs.org/glob/-/glob-7.1.7.tgz",
      "integrity": "sha512-OvD9ENzPLbegENnYP5UUfJIirTg4+XwMWGaQfQTY0JenxNvvIKP3U3/tAQSPIu/lHxXYSZmpXlUHeqAIdKzBLQ==",
      "dev": true,
      "requires": {
        "fs.realpath": "^1.0.0",
        "inflight": "^1.0.4",
        "inherits": "2",
        "minimatch": "^3.0.4",
        "once": "^1.3.0",
        "path-is-absolute": "^1.0.0"
      }
    },
    "handlebars": {
      "version": "4.7.7",
      "resolved": "https://registry.npmjs.org/handlebars/-/handlebars-4.7.7.tgz",
      "integrity": "sha512-aAcXm5OAfE/8IXkcZvCepKU3VzW1/39Fb5ZuqMtgI/hT8X2YgoMvBY5dLhq/cpOvw7Lk1nK/UF71aLG/ZnVYRA==",
      "dev": true,
      "requires": {
        "minimist": "^1.2.5",
        "neo-async": "^2.6.0",
        "source-map": "^0.6.1",
        "uglify-js": "^3.1.4",
        "wordwrap": "^1.0.0"
      }
    },
    "inflight": {
      "version": "1.0.6",
      "resolved": "https://registry.npmjs.org/inflight/-/inflight-1.0.6.tgz",
      "integrity": "sha1-Sb1jMdfQLQwJvJEKEHW6gWW1bfk=",
      "dev": true,
      "requires": {
        "once": "^1.3.0",
        "wrappy": "1"
      }
    },
    "inherits": {
      "version": "2.0.4",
      "resolved": "https://registry.npmjs.org/inherits/-/inherits-2.0.4.tgz",
      "integrity": "sha512-k/vGaX4/Yla3WzyMCvTQOXYeIHvqOKtnqBduzTHpzpQZzAskKMhZ2K+EnBiSM9zGSoIFeMpXKxa4dYeZIQqewQ==",
      "dev": true
    },
    "json-schema-ref-parser": {
      "version": "9.0.9",
      "resolved": "https://registry.npmjs.org/json-schema-ref-parser/-/json-schema-ref-parser-9.0.9.tgz",
      "integrity": "sha512-qcP2lmGy+JUoQJ4DOQeLaZDqH9qSkeGCK3suKWxJXS82dg728Mn3j97azDMaOUmJAN4uCq91LdPx4K7E8F1a7Q==",
      "dev": true,
      "requires": {
        "@apidevtools/json-schema-ref-parser": "9.0.9"
      }
    },
    "minimatch": {
      "version": "3.0.4",
      "resolved": "https://registry.npmjs.org/minimatch/-/minimatch-3.0.4.tgz",
      "integrity": "sha512-yJHVQEhyqPLUTgt9B83PXu6W3rx4MvvHvSUvToogpwoGDOUQ+yDrR0HRot+yOCdCO7u4hX3pWft6kWBBcqh0UA==",
      "dev": true,
      "requires": {
        "brace-expansion": "^1.1.7"
      }
    },
    "minimist": {
      "version": "1.2.5",
      "resolved": "https://registry.npmjs.org/minimist/-/minimist-1.2.5.tgz",
      "integrity": "sha512-FM9nNUYrRBAELZQT3xeZQ7fmMOBg6nWNmJKTcgsJeaLstP/UODVpGsr5OhXhhXg6f+qtJ8uiZ+PUxkDWcgIXLw==",
      "dev": true
    },
    "neo-async": {
      "version": "2.6.2",
      "resolved": "https://registry.npmjs.org/neo-async/-/neo-async-2.6.2.tgz",
      "integrity": "sha512-Yd3UES5mWCSqR+qNT93S3UoYUkqAZ9lLg8a7g9rimsWmYGK8cVToA4/sF3RrshdyV3sAGMXVUmpMYOw+dLpOuw==",
      "dev": true
    },
    "once": {
      "version": "1.4.0",
      "resolved": "https://registry.npmjs.org/once/-/once-1.4.0.tgz",
      "integrity": "sha1-WDsap3WWHUsROsF9nFC6753Xa9E=",
      "dev": true,
      "requires": {
        "wrappy": "1"
      }
    },
    "openapi-typescript-codegen": {
      "version": "0.9.3",
      "resolved": "https://registry.npmjs.org/openapi-typescript-codegen/-/openapi-typescript-codegen-0.9.3.tgz",
      "integrity": "sha512-/ZQL1wpWqwruVGxI5EDsKS7C+AMjLEEwnH73keEM6Gy91pcUGDbBbX2e5APf0hDSQs9TX+hQnHdGu7ZUu6HIcQ==",
      "dev": true,
      "requires": {
        "camelcase": "^6.2.0",
        "commander": "^7.0.0",
        "handlebars": "^4.7.6",
        "js-yaml": "^4.0.0",
        "json-schema-ref-parser": "^9.0.7",
        "mkdirp": "^1.0.4",
        "rimraf": "^3.0.2"
      },
      "dependencies": {
        "argparse": {
          "version": "2.0.1",
          "resolved": "https://registry.npmjs.org/argparse/-/argparse-2.0.1.tgz",
          "integrity": "sha512-8+9WqebbFzpX9OR+Wa6O29asIogeRMzcGtAINdpMHHyAg10f05aSFVBbcEqGf/PXw1EjAZ+q2/bEBg3DvurK3Q==",
          "dev": true
        },
        "commander": {
          "version": "7.2.0",
          "resolved": "https://registry.npmjs.org/commander/-/commander-7.2.0.tgz",
          "integrity": "sha512-QrWXB+ZQSVPmIWIhtEO9H+gwHaMGYiF5ChvoJ+K9ZGHG/sVsa6yiesAD1GC/x46sET00Xlwo1u49RVVVzvcSkw==",
          "dev": true
        },
        "js-yaml": {
          "version": "4.1.0",
          "resolved": "https://registry.npmjs.org/js-yaml/-/js-yaml-4.1.0.tgz",
          "integrity": "sha512-wpxZs9NoxZaJESJGIZTyDEaYpl0FKSA+FB9aJiyemKhMwkxQg63h4T1KJgUGHpTqPDNRcmmYLugrRjJlBtWvRA==",
          "dev": true,
          "requires": {
            "argparse": "^2.0.1"
          }
        },
        "mkdirp": {
          "version": "1.0.4",
          "resolved": "https://registry.npmjs.org/mkdirp/-/mkdirp-1.0.4.tgz",
          "integrity": "sha512-vVqVZQyf3WLx2Shd0qJ9xuvqgAyKPLAiqITEtqW0oIUjzo3PePDd6fW9iFz30ef7Ysp/oiWqbhszeGWW2T6Gzw==",
          "dev": true
        }
      }
    },
    "path-is-absolute": {
      "version": "1.0.1",
      "resolved": "https://registry.npmjs.org/path-is-absolute/-/path-is-absolute-1.0.1.tgz",
      "integrity": "sha1-F0uSaHNVNP+8es5r9TpanhtcX18=",
      "dev": true
    },
    "rimraf": {
      "version": "3.0.2",
      "resolved": "https://registry.npmjs.org/rimraf/-/rimraf-3.0.2.tgz",
      "integrity": "sha512-JZkJMZkAGFFPP2YqXZXPbMlMBgsxzE8ILs4lMIX/2o0L9UBw9O/Y3o6wFw/i9YLapcUJWwqbi3kdxIPdC62TIA==",
      "dev": true,
      "requires": {
        "glob": "^7.1.3"
      }
    },
    "source-map": {
      "version": "0.6.1",
      "resolved": "https://registry.npmjs.org/source-map/-/source-map-0.6.1.tgz",
      "integrity": "sha512-UjgapumWlbMhkBgzT7Ykc5YXUT46F0iKu8SGXq0bcwP5dz/h0Plj6enJqjz1Zbq2l5WaqYnrVbwWOWMyF3F47g==",
      "dev": true
    },
    "typescript": {
      "version": "4.3.4",
      "resolved": "https://registry.npmjs.org/typescript/-/typescript-4.3.4.tgz",
      "integrity": "sha512-uauPG7XZn9F/mo+7MrsRjyvbxFpzemRjKEZXS4AK83oP2KKOJPvb+9cO/gmnv8arWZvhnjVOXz7B49m1l0e9Ew==",
      "dev": true
    },
    "uglify-js": {
      "version": "3.13.9",
      "resolved": "https://registry.npmjs.org/uglify-js/-/uglify-js-3.13.9.tgz",
      "integrity": "sha512-wZbyTQ1w6Y7fHdt8sJnHfSIuWeDgk6B5rCb4E/AM6QNNPbOMIZph21PW5dRB3h7Df0GszN+t7RuUH6sWK5bF0g==",
      "dev": true,
      "optional": true
    },
    "wordwrap": {
      "version": "1.0.0",
      "resolved": "https://registry.npmjs.org/wordwrap/-/wordwrap-1.0.0.tgz",
      "integrity": "sha1-J1hIEIkUVqQXHI0CJkQa3pDLyus=",
      "dev": true
    },
    "wrappy": {
      "version": "1.0.2",
      "resolved": "https://registry.npmjs.org/wrappy/-/wrappy-1.0.2.tgz",
      "integrity": "sha1-tSQ9jz7BqjXxNkYFvA0QNuMKtp8=",
      "dev": true
    }
  }
}
